
Microsoft Visual Studio Solution File, Format Version 12.00
# Visual Studio Version 16
VisualStudioVersion = 16.0.31729.503
MinimumVisualStudioVersion = 10.0.40219.1
Project("{FAE04EC0-301F-11D3-BF4B-00C04F79EFBC}") = "WebullSharp", "WebullSharp\WebullSharp.csproj", "{548FCD0F-2704-4092-A476-4C2CE85F55B3}"
EndProject
Global
	GlobalSection(SolutionConfigurationPlatforms) = preSolution
		Debug|Any CPU = Debug|Any CPU
		Release|Any CPU = Release|Any CPU
	EndGlobalSection
	GlobalSection(ProjectConfigurationPlatforms) = postSolution
		{548FCD0F-2704-4092-A476-4C2CE85F55B3}.Debug|Any CPU.ActiveCfg = Debug|Any CPU
		{548FCD0F-2704-4092-A476-4C2CE85F55B3}.Debug|Any CPU.Build.0 = Debug|Any CPU
		{548FCD0F-2704-4092-A476-4C2CE85F55B3}.Release|Any CPU.ActiveCfg = Release|Any CPU
		{548FCD0F-2704-4092-A476-4C2CE85F55B3}.Release|Any CPU.Build.0 = Release|Any CPU
	EndGlobalSection
	GlobalSection(SolutionProperties) = preSolution
		HideSolutionNode = FALSE
	EndGlobalSection
	GlobalSection(ExtensibilityGlobals) = postSolution
		SolutionGuid = {7163D84C-15F5-4BDC-BCE4-557B3D18DF7B}
	EndGlobalSection
EndGlobal
